
Microsoft Visual Studio Solution File, Format Version 12.00
# Visual Studio Version 17
VisualStudioVersion = 17.5.002.0
MinimumVisualStudioVersion = 10.0.40219.1
Project("{2150E333-8FDC-42A3-9474-1A3956D46DE8}") = "dotnet-backend", "dotnet-backend", "{C189C627-39CB-4A5F-8DE1-1278F0AEE71D}"
EndProject
Project("{9A19103F-16F7-4668-BE54-9A1E7A4F7556}") = "DotNetBackend", "dotnet-backend\DotNetBackend\DotNetBackend.csproj", "{119DA7B7-9B7F-4263-9484-22F69ABD89C3}"
EndProject
Global
	GlobalSection(SolutionConfigurationPlatforms) = preSolution
		Debug|Any CPU = Debug|Any CPU
		Release|Any CPU = Release|Any CPU
	EndGlobalSection
	GlobalSection(ProjectConfigurationPlatforms) = postSolution
		{119DA7B7-9B7F-4263-9484-22F69ABD89C3}.Debug|Any CPU.ActiveCfg = Debug|Any CPU
		{119DA7B7-9B7F-4263-9484-22F69ABD89C3}.Debug|Any CPU.Build.0 = Debug|Any CPU
		{119DA7B7-9B7F-4263-9484-22F69ABD89C3}.Release|Any CPU.ActiveCfg = Release|Any CPU
		{119DA7B7-9B7F-4263-9484-22F69ABD89C3}.Release|Any CPU.Build.0 = Release|Any CPU
	EndGlobalSection
	GlobalSection(SolutionProperties) = preSolution
		HideSolutionNode = FALSE
	EndGlobalSection
	GlobalSection(NestedProjects) = preSolution
		{119DA7B7-9B7F-4263-9484-22F69ABD89C3} = {C189C627-39CB-4A5F-8DE1-1278F0AEE71D}
	EndGlobalSection
	GlobalSection(ExtensibilityGlobals) = postSolution
		SolutionGuid = {43465BEA-81ED-4064-AC23-37FDEF9CDB16}
	EndGlobalSection
EndGlobal
